hash: 5544aef582d0af4018f91c2755c335be6c8d24fb767d6948ab2a00b0c3c616e8
updated: 2017-06-16T16:35:00.812241883+09:00
imports:
- name: github.com/mattn/go-shellwords
  version: 02e3cf038dcea8290e44424da473dd12be796a8a
- name: gopkg.in/yaml.v2
  version: a5b47d31c556af34a302ce5d659e6fea44d90de0
testImports: []
